// !$*UTF8*$!
{
	archiveVersion = 1;
	classes = {
	};
	objectVersion = 50;
	objects = {

/* Begin PBXBuildFile section */
		FDDAFFB923467F7600B8226C /* AppDelegate.swift in Sources */ = {isa = PBXBuildFile; fileRef = FDDAFFB823467F7600B8226C /* AppDelegate.swift */; };
		FDDAFFBB23467F7600B8226C /* ViewController.swift in Sources */ = {isa = PBXBuildFile; fileRef = FDDAFFBA23467F7600B8226C /* ViewController.swift */; };
		FDDAFFBE23467F7600B8226C /* Main.storyboard in Resources */ = {isa = PBXBuildFile; fileRef = FDDAFFBC23467F7600B8226C /* Main.storyboard */; };
		FDDAFFC023467F7700B8226C /* Assets.xcassets in Resources */ = {isa = PBXBuildFile; fileRef = FDDAFFBF23467F7700B8226C /* Assets.xcassets */; };
		FDDAFFC323467F7700B8226C /* LaunchScreen.storyboard in Resources */ = {isa = PBXBuildFile; fileRef = FDDAFFC123467F7700B8226C /* LaunchScreen.storyboard */; };
		FDDAFFCB2346802000B8226C /* MainViewController.swift in Sources */ = {isa = PBXBuildFile; fileRef = FDDAFFCA2346802000B8226C /* MainViewController.swift */; };
/* End PBXBuildFile section */

/* Begin PBXFileReference section */
		FDDAFFB523467F7600B8226C /* SwiftBook_Tables.app */ = {isa = PBXFileReference; explicitFileType = wrapper.application; includeInIndex = 0; path = SwiftBook_Tables.app; sourceTree = BUILT_PRODUCTS_DIR; };
		FDDAFFB823467F7600B8226C /* AppDelegate.swift */ = {isa = PBXFileReference; lastKnownFileType = sourcecode.swift; path = AppDelegate.swift; sourceTree = "<group>"; };
		FDDAFFBA23467F7600B8226C /* ViewController.swift */ = {isa = PBXFileReference; lastKnownFileType = sourcecode.swift; path = ViewController.swift; sourceTree = "<group>"; };
		FDDAFFBD23467F7600B8226C /* Base */ = {isa = PBXFileReference; lastKnownFileType = file.storyboard; name = Base; path = Base.lproj/Main.storyboard; sourceTree = "<group>"; };
		FDDAFFBF23467F7700B8226C /* Assets.xcassets */ = {isa = PBXFileReference; lastKnownFileType = folder.assetcatalog; path = Assets.xcassets; sourceTree = "<group>"; };
		FDDAFFC223467F7700B8226C /* Base */ = {isa = PBXFileReference; lastKnownFileType = file.storyboard; name = Base; path = Base.lproj/LaunchScreen.storyboard; sourceTree = "<group>"; };
		FDDAFFC423467F7700B8226C /* Info.plist */ = {isa = PBXFileReference; lastKnownFileType = text.plist.xml; path = Info.plist; sourceTree = "<group>"; };
		FDDAFFCA2346802000B8226C /* MainViewController.swift */ = {isa = PBXFileReference; lastKnownFileType = sourcecode.swift; path = MainViewController.swift; sourceTree = "<group>"; };
/* End PBXFileReference section */

/* Begin PBXFrameworksBuildPhase section */
		FDDAFFB223467F7600B8226C /* Frameworks */ = {
			isa = PBXFrameworksBuildPhase;
			buildActionMask = 2147483647;
			files = (
			);
			runOnlyForDeploymentPostprocessing = 0;
		};
/* End PBXFrameworksBuildPhase section */

/* Begin PBXGroup section */
		FDDAFFAC23467F7600B8226C = {
			isa = PBXGroup;
			children = (
				FDDAFFB723467F7600B8226C /* SwiftBook_Tables */,
				FDDAFFB623467F7600B8226C /* Products */,
			);
			sourceTree = "<group>";
		};
		FDDAFFB623467F7600B8226C /* Products */ = {
			isa = PBXGroup;
			children = (
				FDDAFFB523467F7600B8226C /* SwiftBook_Tables.app */,
			);
			name = Products;
			sourceTree = "<group>";
		};
		FDDAFFB723467F7600B8226C /* SwiftBook_Tables */ = {
			isa = PBXGroup;
			children = (
				FDDAFFB823467F7600B8226C /* AppDelegate.swift */,
				FDDAFFCA2346802000B8226C /* MainViewController.swift */,
				FDDAFFBA23467F7600B8226C /* ViewController.swift */,
				FDDAFFBC23467F7600B8226C /* Main.storyboard */,
				FDDAFFBF23467F7700B8226C /* Assets.xcassets */,
				FDDAFFC123467F7700B8226C /* LaunchScreen.storyboard */,
				FDDAFFC423467F7700B8226C /* Info.plist */,
			);
			path = SwiftBook_Tables;
			sourceTree = "<group>";
		};
/* End PBXGroup section */

/* Begin PBXNativeTarget section */
		FDDAFFB423467F7600B8226C /* SwiftBook_Tables */ = {
			isa = PBXNativeTarget;
			buildConfigurationList = FDDAFFC723467F7700B8226C /* Build configuration list for PBXNativeTarget "SwiftBook_Tables" */;
			buildPhases = (
				FDDAFFB123467F7600B8226C /* Sources */,
				FDDAFFB223467F7600B8226C /* Frameworks */,
				FDDAFFB323467F7600B8226C /* Resources */,
			);
			buildRules = (
			);
			dependencies = (
			);
			name = SwiftBook_Tables;
			productName = SwiftBook_Tables;
			productReference = FDDAFFB523467F7600B8226C /* SwiftBook_Tables.app */;
			productType = "com.apple.product-type.application";
		};
/* End PBXNativeTarget section */

/* Begin PBXProject section */
		FDDAFFAD23467F7600B8226C /* Project object */ = {
			isa = PBXProject;
			attributes = {
				LastSwiftUpdateCheck = 1020;
				LastUpgradeCheck = 1020;
				ORGANIZATIONNAME = "Nadzeya Leanovich";
				TargetAttributes = {
					FDDAFFB423467F7600B8226C = {
						CreatedOnToolsVersion = 10.2.1;
					};
				};
			};
			buildConfigurationList = FDDAFFB023467F7600B8226C /* Build configuration list for PBXProject "SwiftBook_Tables" */;
			compatibilityVersion = "Xcode 9.3";
			developmentRegion = en;
			hasScannedForEncodings = 0;
			knownRegions = (
				en,
				Base,
			);
			mainGroup = FDDAFFAC23467F7600B8226C;
			productRefGroup = FDDAFFB623467F7600B8226C /* Products */;
			projectDirPath = "";
			projectRoot = "";
			targets = (
				FDDAFFB423467F7600B8226C /* SwiftBook_Tables */,
			);
		};
/* End PBXProject section */

/* Begin PBXResourcesBuildPhase section */
		FDDAFFB323467F7600B8226C /* Resources */ = {
			isa = PBXResourcesBuildPhase;
			buildActionMask = 2147483647;
			files = (
				FDDAFFC323467F7700B8226C /* LaunchScreen.storyboard in Resources */,
				FDDAFFC023467F7700B8226C /* Assets.xcassets in Resources */,
				FDDAFFBE23467F7600B8226C /* Main.storyboard in Resources */,
			);
			runOnlyForDeploymentPostprocessing = 0;
		};
/* End PBXResourcesBuildPhase section */

/* Begin PBXSourcesBuildPhase section */
		FDDAFFB123467F7600B8226C /* Sources */ = {
			isa = PBXSourcesBuildPhase;
			buildActionMask = 2147483647;
			files = (
				FDDAFFCB2346802000B8226C /* MainViewController.swift in Sources */,
				FDDAFFBB23467F7600B8226C /* ViewController.swift in Sources */,
				FDDAFFB923467F7600B8226C /* AppDelegate.swift in Sources */,
			);
			runOnlyForDeploymentPostprocessing = 0;
		};
/* End PBXSourcesBuildPhase section */

/* Begin PBXVariantGroup section */
		FDDAFFBC23467F7600B8226C /* Main.storyboard */ = {
			isa = PBXVariantGroup;
			children = (
				FDDAFFBD23467F7600B8226C /* Base */,
			);
			name = Main.storyboard;
			sourceTree = "<group>";
		};
		FDDAFFC123467F7700B8226C /* LaunchScreen.storyboard */ = {
			isa = PBXVariantGroup;
			children = (
				FDDAFFC223467F7700B8226C /* Base */,
			);
			name = LaunchScreen.storyboard;
			sourceTree = "<group>";
		};
/* End PBXVariantGroup section */

/* Begin XCBuildConfiguration section */
		FDDAFFC523467F7700B8226C /* Debug */ = {
			isa = XCBuildConfiguration;
			buildSettings = {
				ALWAYS_SEARCH_USER_PATHS = NO;
				CLANG_ANALYZER_NONNULL = YES;
				CLANG_ANALYZER_NUMBER_OBJECT_CONVERSION = YES_AGGRESSIVE;
				CLANG_CXX_LANGUAGE_STANDARD = "gnu++14";
				CLANG_CXX_LIBRARY = "libc++";
				CLANG_ENABLE_MODULES = YES;
				CLANG_ENABLE_OBJC_ARC = YES;
				CLANG_ENABLE_OBJC_WEAK = YES;
				CLANG_WARN_BLOCK_CAPTURE_AUTORELEASING = YES;
				CLANG_WARN_BOOL_CONVERSION = YES;
				CLANG_WARN_COMMA = YES;
				CLANG_WARN_CONSTANT_CONVERSION = YES;
				CLANG_WARN_DEPRECATED_OBJC_IMPLEMENTATIONS = YES;
				CLANG_WARN_DIRECT_OBJC_ISA_USAGE = YES_ERROR;
				CLANG_WARN_DOCUMENTATION_COMMENTS = YES;
				CLANG_WARN_EMPTY_BODY = YES;
				CLANG_WARN_ENUM_CONVERSION = YES;
				CLANG_WARN_INFINITE_RECURSION = YES;
				CLANG_WARN_INT_CONVERSION = YES;
				CLANG_WARN_NON_LITERAL_NULL_CONVERSION = YES;
				CLANG_WARN_OBJC_IMPLICIT_RETAIN_SELF = YES;
				CLANG_WARN_OBJC_LITERAL_CONVERSION = YES;
				CLANG_WARN_OBJC_ROOT_CLASS = YES_ERROR;
				CLANG_WARN_RANGE_LOOP_ANALYSIS = YES;
				CLANG_WARN_STRICT_PROTOTYPES = YES;
				CLANG_WARN_SUSPICIOUS_MOVE = YES;
				CLANG_WARN_UNGUARDED_AVAILABILITY = YES_AGGRESSIVE;
				CLANG_WARN_UNREACHABLE_CODE = YES;
				CLANG_WARN__DUPLICATE_METHOD_MATCH = YES;
				CODE_SIGN_IDENTITY = "iPhone Developer";
				COPY_PHASE_STRIP = NO;
				DEBUG_INFORMATION_FORMAT = dwarf;
				ENABLE_STRICT_OBJC_MSGSEND = YES;
				ENABLE_TESTABILITY = YES;
				GCC_C_LANGUAGE_STANDARD = gnu11;
				GCC_DYNAMIC_NO_PIC = NO;
				GCC_NO_COMMON_BLOCKS = YES;
				GCC_OPTIMIZATION_LEVEL = 0;
				GCC_PREPROCESSOR_DEFINITIONS = (
					"DEBUG=1",
					"$(inherited)",
				);
				GCC_WARN_64_TO_32_BIT_CONVERSION = YES;
				GCC_WARN_ABOUT_RETURN_TYPE = YES_ERROR;
				GCC_WARN_UNDECLARED_SELECTOR = YES;
				GCC_WARN_UNINITIALIZED_AUTOS = YES_AGGRESSIVE;
				GCC_WARN_UNUSED_FUNCTION = YES;
				GCC_WARN_UNUSED_VARIABLE = YES;
				IPHONEOS_DEPLOYMENT_TARGET = 12.2;
				MTL_ENABLE_DEBUG_INFO = INCLUDE_SOURCE;
				MTL_FAST_MATH = YES;
				ONLY_ACTIVE_ARCH = YES;
				SDKROOT = iphoneos;
				SWIFT_ACTIVE_COMPILATION_CONDITIONS = DEBUG;
				SWIFT_OPTIMIZATION_LEVEL = "-Onone";
			};
			name = Debug;
		};
		FDDAFFC623467F7700B8226C /* Release */ = {
			isa = XCBuildConfiguration;
			buildSettings = {
				ALWAYS_SEARCH_USER_PATHS = NO;
				CLANG_ANALYZER_NONNULL = YES;
				CLANG_ANALYZER_NUMBER_OBJECT_CONVERSION = YES_AGGRESSIVE;
				CLANG_CXX_LANGUAGE_STANDARD = "gnu++14";
				CLANG_CXX_LIBRARY = "libc++";
				CLANG_ENABLE_MODULES = YES;
				CLANG_ENABLE_OBJC_ARC = YES;
				CLANG_ENABLE_OBJC_WEAK = YES;
				CLANG_WARN_BLOCK_CAPTURE_AUTORELEASING = YES;
				CLANG_WARN_BOOL_CONVERSION = YES;
				CLANG_WARN_COMMA = YES;
				CLANG_WARN_CONSTANT_CONVERSION = YES;
				CLANG_WARN_DEPRECATED_OBJC_IMPLEMENTATIONS = YES;
				CLANG_WARN_DIRECT_OBJC_ISA_USAGE = YES_ERROR;
				CLANG_WARN_DOCUMENTATION_COMMENTS = YES;
				CLANG_WARN_EMPTY_BODY = YES;
				CLANG_WARN_ENUM_CONVERSION = YES;
				CLANG_WARN_INFINITE_RECURSION = YES;
				CLANG_WARN_INT_CONVERSION = YES;
				CLANG_WARN_NON_LITERAL_NULL_CONVERSION = YES;
				CLANG_WARN_OBJC_IMPLICIT_RETAIN_SELF = YES;
				CLANG_WARN_OBJC_LITERAL_CONVERSION = YES;
				CLANG_WARN_OBJC_ROOT_CLASS = YES_ERROR;
				CLANG_WARN_RANGE_LOOP_ANALYSIS = YES;
				CLANG_WARN_STRICT_PROTOTYPES = YES;
				CLANG_WARN_SUSPICIOUS_MOVE = YES;
				CLANG_WARN_UNGUARDED_AVAILABILITY = YES_AGGRESSIVE;
				CLANG_WARN_UNREACHABLE_CODE = YES;
				CLANG_WARN__DUPLICATE_METHOD_MATCH = YES;
				CODE_SIGN_IDENTITY = "iPhone Developer";
				COPY_PHASE_STRIP = NO;
				DEBUG_INFORMATION_FORMAT = "dwarf-with-dsym";
				ENABLE_NS_ASSERTIONS = NO;
				ENABLE_STRICT_OBJC_MSGSEND = YES;
				GCC_C_LANGUAGE_STANDARD = gnu11;
				GCC_NO_COMMON_BLOCKS = YES;
				GCC_WARN_64_TO_32_BIT_CONVERSION = YES;
				GCC_WARN_ABOUT_RETURN_TYPE = YES_ERROR;
				GCC_WARN_UNDECLARED_SELECTOR = YES;
				GCC_WARN_UNINITIALIZED_AUTOS = YES_AGGRESSIVE;
				GCC_WARN_UNUSED_FUNCTION = YES;
				GCC_WARN_UNUSED_VARIABLE = YES;
				IPHONEOS_DEPLOYMENT_TARGET = 12.2;
				MTL_ENABLE_DEBUG_INFO = NO;
				MTL_FAST_MATH = YES;
				SDKROOT = iphoneos;
				SWIFT_COMPILATION_MODE = wholemodule;
				SWIFT_OPTIMIZATION_LEVEL = "-O";
				VALIDATE_PRODUCT = YES;
			};
			name = Release;
		};
		FDDAFFC823467F7700B8226C /* Debug */ = {
			isa = XCBuildConfiguration;
			buildSettings = {
				ASSETCATALOG_COMPILER_APPICON_NAME = AppIcon;
				CODE_SIGN_STYLE = Automatic;
				DEVELOPMENT_TEAM = 43W32NS74J;
				INFOPLIST_FILE = SwiftBook_Tables/Info.plist;
				LD_RUNPATH_SEARCH_PATHS = (
					"$(inherited)",
					"@executable_path/Frameworks",
				);
				PRODUCT_BUNDLE_IDENTIFIER = "Home.SwiftBook-Tables";
				PRODUCT_NAME = "$(TARGET_NAME)";
				SWIFT_VERSION = 5.0;
				TARGETED_DEVICE_FAMILY = "1,2";
			};
			name = Debug;
		};
		FDDAFFC923467F7700B8226C /* Release */ = {
			isa = XCBuildConfiguration;
			buildSettings = {
				ASSETCATALOG_COMPILER_APPICON_NAME = AppIcon;
				CODE_SIGN_STYLE = Automatic;
				DEVELOPMENT_TEAM = 43W32NS74J;
				INFOPLIST_FILE = SwiftBook_Tables/Info.plist;
				LD_RUNPATH_SEARCH_PATHS = (
					"$(inherited)",
					"@executable_path/Frameworks",
				);
				PRODUCT_BUNDLE_IDENTIFIER = "Home.SwiftBook-Tables";
				PRODUCT_NAME = "$(TARGET_NAME)";
				SWIFT_VERSION = 5.0;
				TARGETED_DEVICE_FAMILY = "1,2";
			};
			name = Release;
		};
/* End XCBuildConfiguration section */

/* Begin XCConfigurationList section */
		FDDAFFB023467F7600B8226C /* Build configuration list for PBXProject "SwiftBook_Tables" */ = {
			isa = XCConfigurationList;
			buildConfigurations = (
				FDDAFFC523467F7700B8226C /* Debug */,
				FDDAFFC623467F7700B8226C /* Release */,
			);
			defaultConfigurationIsVisible = 0;
			defaultConfigurationName = Release;
		};
		FDDAFFC723467F7700B8226C /* Build configuration list for PBXNativeTarget "SwiftBook_Tables" */ = {
			isa = XCConfigurationList;
			buildConfigurations = (
				FDDAFFC823467F7700B8226C /* Debug */,
				FDDAFFC923467F7700B8226C /* Release */,
			);
			defaultConfigurationIsVisible = 0;
			defaultConfigurationName = Release;
		};
/* End XCConfigurationList section */
	};
	rootObject = FDDAFFAD23467F7600B8226C /* Project object */;
}
